// !$*UTF8*$!
{
	archiveVersion = 1;
	classes = {
	};
	objectVersion = 55;
	objects = {

/* Begin PBXBuildFile section */
		DC45D7CC2A180D1D00663972 /* NewsLoaderApp.swift in Sources */ = {isa = PBXBuildFile; fileRef = DC45D7CB2A180D1D00663972 /* NewsLoaderApp.swift */; };
		DC4B31C82A0264EC00CB924A /* ViewModelType.swift in Sources */ = {isa = PBXBuildFile; fileRef = DC4B31C72A0264EC00CB924A /* ViewModelType.swift */; };
		DC51A4672A1EA04F00866046 /* Spinner.swift in Sources */ = {isa = PBXBuildFile; fileRef = DC51A4662A1EA04F00866046 /* Spinner.swift */; };
		DC51A4692A1EA0F500866046 /* Colors.xcassets in Resources */ = {isa = PBXBuildFile; fileRef = DC51A4682A1EA0F500866046 /* Colors.xcassets */; };
		DC51A46B2A1EA2B400866046 /* Color+Extensions.swift in Sources */ = {isa = PBXBuildFile; fileRef = DC51A46A2A1EA2B400866046 /* Color+Extensions.swift */; };
		DC8D74452A1C9339005725CF /* NewsDetailsView.swift in Sources */ = {isa = PBXBuildFile; fileRef = DC8D74442A1C9339005725CF /* NewsDetailsView.swift */; };
		DC8D74472A1CA12E005725CF /* View+Extensions.swift in Sources */ = {isa = PBXBuildFile; fileRef = DC8D74462A1CA12E005725CF /* View+Extensions.swift */; };
		DC8D74492A1CA2D2005725CF /* UINavigationController+Extensions.swift in Sources */ = {isa = PBXBuildFile; fileRef = DC8D74482A1CA2D2005725CF /* UINavigationController+Extensions.swift */; };
		DC8D74502A1CC330005725CF /* ViewDidLoadModifier.swift in Sources */ = {isa = PBXBuildFile; fileRef = DC8D744F2A1CC330005725CF /* ViewDidLoadModifier.swift */; };
		DC97CB8829FC38D300D46059 /* MockNewsRepository.swift in Sources */ = {isa = PBXBuildFile; fileRef = DC97CB8729FC38D300D46059 /* MockNewsRepository.swift */; };
		DC97CB8A29FC398800D46059 /* MockError.swift in Sources */ = {isa = PBXBuildFile; fileRef = DC97CB8929FC398800D46059 /* MockError.swift */; };
		DCA249722A1BADD00078417A /* GetNewsUseCase.swift in Sources */ = {isa = PBXBuildFile; fileRef = DCA249712A1BADD00078417A /* GetNewsUseCase.swift */; };
		DCA249742A1C017F0078417A /* NewsListCell.swift in Sources */ = {isa = PBXBuildFile; fileRef = DCA249732A1C017F0078417A /* NewsListCell.swift */; };
		DCA249762A1C07170078417A /* NewsListView.swift in Sources */ = {isa = PBXBuildFile; fileRef = DCA249752A1C07170078417A /* NewsListView.swift */; };
		DCEE35FE29FAF128001BBCD3 /* AppDelegate.swift in Sources */ = {isa = PBXBuildFile; fileRef = DCEE35FD29FAF128001BBCD3 /* AppDelegate.swift */; };
		DCEE360729FAF129001BBCD3 /* Assets.xcassets in Resources */ = {isa = PBXBuildFile; fileRef = DCEE360629FAF129001BBCD3 /* Assets.xcassets */; };
		DCEE360A29FAF129001BBCD3 /* LaunchScreen.storyboard in Resources */ = {isa = PBXBuildFile; fileRef = DCEE360829FAF129001BBCD3 /* LaunchScreen.storyboard */; };
		DCEE361529FAF129001BBCD3 /* NewsLoaderTests.swift in Sources */ = {isa = PBXBuildFile; fileRef = DCEE361429FAF129001BBCD3 /* NewsLoaderTests.swift */; };
		DCEE363629FAF27F001BBCD3 /* HomeViewController.swift in Sources */ = {isa = PBXBuildFile; fileRef = DCEE363429FAF27F001BBCD3 /* HomeViewController.swift */; };
		DCEE364129FAF428001BBCD3 /* DataState.swift in Sources */ = {isa = PBXBuildFile; fileRef = DCEE363E29FAF428001BBCD3 /* DataState.swift */; };
		DCEE364E29FAF568001BBCD3 /* HomeViewModel.swift in Sources */ = {isa = PBXBuildFile; fileRef = DCEE364D29FAF568001BBCD3 /* HomeViewModel.swift */; };
		DCEE365129FAF5CD001BBCD3 /* Kingfisher in Frameworks */ = {isa = PBXBuildFile; productRef = DCEE365029FAF5CD001BBCD3 /* Kingfisher */; };
		DCEE365429FAF5DB001BBCD3 /* Alamofire in Frameworks */ = {isa = PBXBuildFile; productRef = DCEE365329FAF5DB001BBCD3 /* Alamofire */; };
		DCEE367429FAFBB6001BBCD3 /* NewsContainer.swift in Sources */ = {isa = PBXBuildFile; fileRef = DCEE367329FAFBB6001BBCD3 /* NewsContainer.swift */; };
		DCEE367629FAFBED001BBCD3 /* News.swift in Sources */ = {isa = PBXBuildFile; fileRef = DCEE367529FAFBED001BBCD3 /* News.swift */; };
		DCEE367829FAFC3B001BBCD3 /* Media.swift in Sources */ = {isa = PBXBuildFile; fileRef = DCEE367729FAFC3B001BBCD3 /* Media.swift */; };
		DCEE367A29FAFC84001BBCD3 /* MediaMetadata.swift in Sources */ = {isa = PBXBuildFile; fileRef = DCEE367929FAFC84001BBCD3 /* MediaMetadata.swift */; };
		DCEE368F29FB00B2001BBCD3 /* EndPoint.swift in Sources */ = {isa = PBXBuildFile; fileRef = DCEE368929FB00B2001BBCD3 /* EndPoint.swift */; };
		DCEE369029FB00B2001BBCD3 /* NetworkLogger.swift in Sources */ = {isa = PBXBuildFile; fileRef = DCEE368A29FB00B2001BBCD3 /* NetworkLogger.swift */; };
		DCEE369129FB00B2001BBCD3 /* NetworkManager.swift in Sources */ = {isa = PBXBuildFile; fileRef = DCEE368B29FB00B2001BBCD3 /* NetworkManager.swift */; };
		DCEE369229FB00B2001BBCD3 /* Parser.swift in Sources */ = {isa = PBXBuildFile; fileRef = DCEE368C29FB00B2001BBCD3 /* Parser.swift */; };
		DCEE369329FB00B2001BBCD3 /* Enums.swift in Sources */ = {isa = PBXBuildFile; fileRef = DCEE368D29FB00B2001BBCD3 /* Enums.swift */; };
		DCEE369429FB00B2001BBCD3 /* NetworkReachability.swift in Sources */ = {isa = PBXBuildFile; fileRef = DCEE368E29FB00B2001BBCD3 /* NetworkReachability.swift */; };
		DCEE369729FB00CF001BBCD3 /* AppError.swift in Sources */ = {isa = PBXBuildFile; fileRef = DCEE369529FB00CF001BBCD3 /* AppError.swift */; };
		DCEE369829FB00CF001BBCD3 /* NetworkError.swift in Sources */ = {isa = PBXBuildFile; fileRef = DCEE369629FB00CF001BBCD3 /* NetworkError.swift */; };
		DCEE369A29FB019F001BBCD3 /* ErrorResponse.swift in Sources */ = {isa = PBXBuildFile; fileRef = DCEE369929FB019F001BBCD3 /* ErrorResponse.swift */; };
		DCEE369C29FB01D1001BBCD3 /* NLError.swift in Sources */ = {isa = PBXBuildFile; fileRef = DCEE369B29FB01D1001BBCD3 /* NLError.swift */; };
		DCEE369E29FB02B1001BBCD3 /* NewsRepository.swift in Sources */ = {isa = PBXBuildFile; fileRef = DCEE369D29FB02B1001BBCD3 /* NewsRepository.swift */; };
		DCEE36A029FB02BD001BBCD3 /* NewsService.swift in Sources */ = {isa = PBXBuildFile; fileRef = DCEE369F29FB02BD001BBCD3 /* NewsService.swift */; };
		DCEE36A629FB2452001BBCD3 /* NewsCellViewModel.swift in Sources */ = {isa = PBXBuildFile; fileRef = DCEE36A529FB2452001BBCD3 /* NewsCellViewModel.swift */; };
		DCEE36AC29FB2EDE001BBCD3 /* NewsDetailsViewModel.swift in Sources */ = {isa = PBXBuildFile; fileRef = DCEE36AB29FB2EDE001BBCD3 /* NewsDetailsViewModel.swift */; };
		DCEE36BD29FB3E40001BBCD3 /* DetailsCellViewModel.swift in Sources */ = {isa = PBXBuildFile; fileRef = DCEE36BC29FB3E40001BBCD3 /* DetailsCellViewModel.swift */; };
		DCEE36BF29FBA850001BBCD3 /* MockURLProtocol.swift in Sources */ = {isa = PBXBuildFile; fileRef = DCEE36BE29FBA850001BBCD3 /* MockURLProtocol.swift */; };
		DCEE36C129FBA860001BBCD3 /* XCTestCase+Extensions.swift in Sources */ = {isa = PBXBuildFile; fileRef = DCEE36C029FBA860001BBCD3 /* XCTestCase+Extensions.swift */; };
		DCEE36C329FBA896001BBCD3 /* Utils.swift in Sources */ = {isa = PBXBuildFile; fileRef = DCEE36C229FBA896001BBCD3 /* Utils.swift */; };
		DCEE36C829FBA9BA001BBCD3 /* NewsMock.json in Resources */ = {isa = PBXBuildFile; fileRef = DCEE36C429FBA91F001BBCD3 /* NewsMock.json */; };
		DCF6E4CC2A1D380500C834C2 /* RefreshableScrollViewModifier.swift in Sources */ = {isa = PBXBuildFile; fileRef = DCF6E4CB2A1D380500C834C2 /* RefreshableScrollViewModifier.swift */; };
		DCF6E4CE2A1D382F00C834C2 /* RefreshableScrollView.swift in Sources */ = {isa = PBXBuildFile; fileRef = DCF6E4CD2A1D382F00C834C2 /* RefreshableScrollView.swift */; };
/* End PBXBuildFile section */

/* Begin PBXContainerItemProxy section */
		DCEE361129FAF129001BBCD3 /* PBXContainerItemProxy */ = {
			isa = PBXContainerItemProxy;
			containerPortal = DCEE35F229FAF128001BBCD3 /* Project object */;
			proxyType = 1;
			remoteGlobalIDString = DCEE35F929FAF128001BBCD3;
			remoteInfo = NewsLoader;
		};
/* End PBXContainerItemProxy section */

/* Begin PBXFileReference section */
		DC45D7CB2A180D1D00663972 /* NewsLoaderApp.swift */ = {isa = PBXFileReference; lastKnownFileType = sourcecode.swift; path = NewsLoaderApp.swift; sourceTree = "<group>"; };
		DC4B31C72A0264EC00CB924A /* ViewModelType.swift */ = {isa = PBXFileReference; lastKnownFileType = sourcecode.swift; path = ViewModelType.swift; sourceTree = "<group>"; };
		DC51A4662A1EA04F00866046 /* Spinner.swift */ = {isa = PBXFileReference; fileEncoding = 4; lastKnownFileType = sourcecode.swift; path = Spinner.swift; sourceTree = "<group>"; };
		DC51A4682A1EA0F500866046 /* Colors.xcassets */ = {isa = PBXFileReference; lastKnownFileType = folder.assetcatalog; path = Colors.xcassets; sourceTree = "<group>"; };
		DC51A46A2A1EA2B400866046 /* Color+Extensions.swift */ = {isa = PBXFileReference; lastKnownFileType = sourcecode.swift; path = "Color+Extensions.swift"; sourceTree = "<group>"; };
		DC8D74442A1C9339005725CF /* NewsDetailsView.swift */ = {isa = PBXFileReference; lastKnownFileType = sourcecode.swift; path = NewsDetailsView.swift; sourceTree = "<group>"; };
		DC8D74462A1CA12E005725CF /* View+Extensions.swift */ = {isa = PBXFileReference; lastKnownFileType = sourcecode.swift; path = "View+Extensions.swift"; sourceTree = "<group>"; };
		DC8D74482A1CA2D2005725CF /* UINavigationController+Extensions.swift */ = {isa = PBXFileReference; lastKnownFileType = sourcecode.swift; path = "UINavigationController+Extensions.swift"; sourceTree = "<group>"; };
		DC8D744F2A1CC330005725CF /* ViewDidLoadModifier.swift */ = {isa = PBXFileReference; lastKnownFileType = sourcecode.swift; path = ViewDidLoadModifier.swift; sourceTree = "<group>"; };
		DC97CB8729FC38D300D46059 /* MockNewsRepository.swift */ = {isa = PBXFileReference; lastKnownFileType = sourcecode.swift; path = MockNewsRepository.swift; sourceTree = "<group>"; };
		DC97CB8929FC398800D46059 /* MockError.swift */ = {isa = PBXFileReference; lastKnownFileType = sourcecode.swift; path = MockError.swift; sourceTree = "<group>"; };
		DCA249712A1BADD00078417A /* GetNewsUseCase.swift */ = {isa = PBXFileReference; lastKnownFileType = sourcecode.swift; path = GetNewsUseCase.swift; sourceTree = "<group>"; };
		DCA249732A1C017F0078417A /* NewsListCell.swift */ = {isa = PBXFileReference; lastKnownFileType = sourcecode.swift; path = NewsListCell.swift; sourceTree = "<group>"; };
		DCA249752A1C07170078417A /* NewsListView.swift */ = {isa = PBXFileReference; lastKnownFileType = sourcecode.swift; path = NewsListView.swift; sourceTree = "<group>"; };
		DCEE35FA29FAF128001BBCD3 /* NewsLoader.app */ = {isa = PBXFileReference; explicitFileType = wrapper.application; includeInIndex = 0; path = NewsLoader.app; sourceTree = BUILT_PRODUCTS_DIR; };
		DCEE35FD29FAF128001BBCD3 /* AppDelegate.swift */ = {isa = PBXFileReference; lastKnownFileType = sourcecode.swift; path = AppDelegate.swift; sourceTree = "<group>"; };
		DCEE360629FAF129001BBCD3 /* Assets.xcassets */ = {isa = PBXFileReference; lastKnownFileType = folder.assetcatalog; path = Assets.xcassets; sourceTree = "<group>"; };
		DCEE360929FAF129001BBCD3 /* Base */ = {isa = PBXFileReference; lastKnownFileType = file.storyboard; name = Base; path = Base.lproj/LaunchScreen.storyboard; sourceTree = "<group>"; };
		DCEE360B29FAF129001BBCD3 /* Info.plist */ = {isa = PBXFileReference; lastKnownFileType = text.plist.xml; path = Info.plist; sourceTree = "<group>"; };
		DCEE361029FAF129001BBCD3 /* NewsLoaderTests.xctest */ = {isa = PBXFileReference; explicitFileType = wrapper.cfbundle; includeInIndex = 0; path = NewsLoaderTests.xctest; sourceTree = BUILT_PRODUCTS_DIR; };
		DCEE361429FAF129001BBCD3 /* NewsLoaderTests.swift */ = {isa = PBXFileReference; lastKnownFileType = sourcecode.swift; path = NewsLoaderTests.swift; sourceTree = "<group>"; };
		DCEE363429FAF27F001BBCD3 /* HomeViewController.swift */ = {isa = PBXFileReference; lastKnownFileType = sourcecode.swift; path = HomeViewController.swift; sourceTree = "<group>"; };
		DCEE363E29FAF428001BBCD3 /* DataState.swift */ = {isa = PBXFileReference; fileEncoding = 4; lastKnownFileType = sourcecode.swift; path = DataState.swift; sourceTree = "<group>"; };
		DCEE364D29FAF568001BBCD3 /* HomeViewModel.swift */ = {isa = PBXFileReference; lastKnownFileType = sourcecode.swift; path = HomeViewModel.swift; sourceTree = "<group>"; };
		DCEE367329FAFBB6001BBCD3 /* NewsContainer.swift */ = {isa = PBXFileReference; lastKnownFileType = sourcecode.swift; path = NewsContainer.swift; sourceTree = "<group>"; };
		DCEE367529FAFBED001BBCD3 /* News.swift */ = {isa = PBXFileReference; lastKnownFileType = sourcecode.swift; path = News.swift; sourceTree = "<group>"; };
		DCEE367729FAFC3B001BBCD3 /* Media.swift */ = {isa = PBXFileReference; lastKnownFileType = sourcecode.swift; path = Media.swift; sourceTree = "<group>"; };
		DCEE367929FAFC84001BBCD3 /* MediaMetadata.swift */ = {isa = PBXFileReference; lastKnownFileType = sourcecode.swift; path = MediaMetadata.swift; sourceTree = "<group>"; };
		DCEE368929FB00B2001BBCD3 /* EndPoint.swift */ = {isa = PBXFileReference; fileEncoding = 4; lastKnownFileType = sourcecode.swift; path = EndPoint.swift; sourceTree = "<group>"; };
		DCEE368A29FB00B2001BBCD3 /* NetworkLogger.swift */ = {isa = PBXFileReference; fileEncoding = 4; lastKnownFileType = sourcecode.swift; path = NetworkLogger.swift; sourceTree = "<group>"; };
		DCEE368B29FB00B2001BBCD3 /* NetworkManager.swift */ = {isa = PBXFileReference; fileEncoding = 4; lastKnownFileType = sourcecode.swift; path = NetworkManager.swift; sourceTree = "<group>"; };
		DCEE368C29FB00B2001BBCD3 /* Parser.swift */ = {isa = PBXFileReference; fileEncoding = 4; lastKnownFileType = sourcecode.swift; path = Parser.swift; sourceTree = "<group>"; };
		DCEE368D29FB00B2001BBCD3 /* Enums.swift */ = {isa = PBXFileReference; fileEncoding = 4; lastKnownFileType = sourcecode.swift; path = Enums.swift; sourceTree = "<group>"; };
		DCEE368E29FB00B2001BBCD3 /* NetworkReachability.swift */ = {isa = PBXFileReference; fileEncoding = 4; lastKnownFileType = sourcecode.swift; path = NetworkReachability.swift; sourceTree = "<group>"; };
		DCEE369529FB00CF001BBCD3 /* AppError.swift */ = {isa = PBXFileReference; fileEncoding = 4; lastKnownFileType = sourcecode.swift; path = AppError.swift; sourceTree = "<group>"; };
		DCEE369629FB00CF001BBCD3 /* NetworkError.swift */ = {isa = PBXFileReference; fileEncoding = 4; lastKnownFileType = sourcecode.swift; path = NetworkError.swift; sourceTree = "<group>"; };
		DCEE369929FB019F001BBCD3 /* ErrorResponse.swift */ = {isa = PBXFileReference; lastKnownFileType = sourcecode.swift; path = ErrorResponse.swift; sourceTree = "<group>"; };
		DCEE369B29FB01D1001BBCD3 /* NLError.swift */ = {isa = PBXFileReference; lastKnownFileType = sourcecode.swift; path = NLError.swift; sourceTree = "<group>"; };
		DCEE369D29FB02B1001BBCD3 /* NewsRepository.swift */ = {isa = PBXFileReference; lastKnownFileType = sourcecode.swift; path = NewsRepository.swift; sourceTree = "<group>"; };
		DCEE369F29FB02BD001BBCD3 /* NewsService.swift */ = {isa = PBXFileReference; lastKnownFileType = sourcecode.swift; path = NewsService.swift; sourceTree = "<group>"; };
		DCEE36A529FB2452001BBCD3 /* NewsCellViewModel.swift */ = {isa = PBXFileReference; lastKnownFileType = sourcecode.swift; path = NewsCellViewModel.swift; sourceTree = "<group>"; };
		DCEE36AB29FB2EDE001BBCD3 /* NewsDetailsViewModel.swift */ = {isa = PBXFileReference; lastKnownFileType = sourcecode.swift; path = NewsDetailsViewModel.swift; sourceTree = "<group>"; };
		DCEE36BC29FB3E40001BBCD3 /* DetailsCellViewModel.swift */ = {isa = PBXFileReference; lastKnownFileType = sourcecode.swift; path = DetailsCellViewModel.swift; sourceTree = "<group>"; };
		DCEE36BE29FBA850001BBCD3 /* MockURLProtocol.swift */ = {isa = PBXFileReference; fileEncoding = 4; lastKnownFileType = sourcecode.swift; path = MockURLProtocol.swift; sourceTree = "<group>"; };
		DCEE36C029FBA860001BBCD3 /* XCTestCase+Extensions.swift */ = {isa = PBXFileReference; fileEncoding = 4; lastKnownFileType = sourcecode.swift; path = "XCTestCase+Extensions.swift"; sourceTree = "<group>"; };
		DCEE36C229FBA896001BBCD3 /* Utils.swift */ = {isa = PBXFileReference; fileEncoding = 4; lastKnownFileType = sourcecode.swift; path = Utils.swift; sourceTree = "<group>"; };
		DCEE36C429FBA91F001BBCD3 /* NewsMock.json */ = {isa = PBXFileReference; lastKnownFileType = text.json; path = NewsMock.json; sourceTree = "<group>"; };
		DCF6E4CB2A1D380500C834C2 /* RefreshableScrollViewModifier.swift */ = {isa = PBXFileReference; lastKnownFileType = sourcecode.swift; path = RefreshableScrollViewModifier.swift; sourceTree = "<group>"; };
		DCF6E4CD2A1D382F00C834C2 /* RefreshableScrollView.swift */ = {isa = PBXFileReference; lastKnownFileType = sourcecode.swift; path = RefreshableScrollView.swift; sourceTree = "<group>"; };
/* End PBXFileReference section */

/* Begin PBXFrameworksBuildPhase section */
		DCEE35F729FAF128001BBCD3 /* Frameworks */ = {
			isa = PBXFrameworksBuildPhase;
			buildActionMask = 2147483647;
			files = (
				DCEE365129FAF5CD001BBCD3 /* Kingfisher in Frameworks */,
				DCEE365429FAF5DB001BBCD3 /* Alamofire in Frameworks */,
			);
			runOnlyForDeploymentPostprocessing = 0;
		};
		DCEE360D29FAF129001BBCD3 /* Frameworks */ = {
			isa = PBXFrameworksBuildPhase;
			buildActionMask = 2147483647;
			files = (
			);
			runOnlyForDeploymentPostprocessing = 0;
		};
/* End PBXFrameworksBuildPhase section */

/* Begin PBXGroup section */
		DC51A4652A1EA03F00866046 /* Views */ = {
			isa = PBXGroup;
			children = (
				DC51A4662A1EA04F00866046 /* Spinner.swift */,
				DCF6E4CD2A1D382F00C834C2 /* RefreshableScrollView.swift */,
			);
			path = Views;
			sourceTree = "<group>";
		};
		DC8D744C2A1CC29B005725CF /* ViewModifiers */ = {
			isa = PBXGroup;
			children = (
				DC8D744F2A1CC330005725CF /* ViewDidLoadModifier.swift */,
				DCF6E4CB2A1D380500C834C2 /* RefreshableScrollViewModifier.swift */,
			);
			path = ViewModifiers;
			sourceTree = "<group>";
		};
		DC97CB8629FC38BC00D46059 /* MockRepository */ = {
			isa = PBXGroup;
			children = (
				DC97CB8729FC38D300D46059 /* MockNewsRepository.swift */,
			);
			path = MockRepository;
			sourceTree = "<group>";
		};
		DC9A33D22A1B67080044BA8A /* Infrastructure */ = {
			isa = PBXGroup;
			children = (
				DCEE368629FB0076001BBCD3 /* Networking */,
			);
			path = Infrastructure;
			sourceTree = "<group>";
		};
		DCA249702A1BAD9E0078417A /* UseCases */ = {
			isa = PBXGroup;
			children = (
				DCA249712A1BADD00078417A /* GetNewsUseCase.swift */,
			);
			path = UseCases;
			sourceTree = "<group>";
		};
		DCEE35F129FAF128001BBCD3 = {
			isa = PBXGroup;
			children = (
				DCEE35FC29FAF128001BBCD3 /* NewsLoader */,
				DCEE361329FAF129001BBCD3 /* NewsLoaderTests */,
				DCEE35FB29FAF128001BBCD3 /* Products */,
			);
			sourceTree = "<group>";
		};
		DCEE35FB29FAF128001BBCD3 /* Products */ = {
			isa = PBXGroup;
			children = (
				DCEE35FA29FAF128001BBCD3 /* NewsLoader.app */,
				DCEE361029FAF129001BBCD3 /* NewsLoaderTests.xctest */,
			);
			name = Products;
			sourceTree = "<group>";
		};
		DCEE35FC29FAF128001BBCD3 /* NewsLoader */ = {
			isa = PBXGroup;
			children = (
				DCEE362D29FAF1D8001BBCD3 /* App */,
				DCEE362E29FAF1E8001BBCD3 /* Configuration */,
				DC9A33D22A1B67080044BA8A /* Infrastructure */,
				DCEE363029FAF205001BBCD3 /* Resources */,
				DCEE362F29FAF1F4001BBCD3 /* Shared */,
			);
			path = NewsLoader;
			sourceTree = "<group>";
		};
		DCEE361329FAF129001BBCD3 /* NewsLoaderTests */ = {
			isa = PBXGroup;
			children = (
				DC97CB8629FC38BC00D46059 /* MockRepository */,
				DCEE36C729FBA990001BBCD3 /* MockResponse */,
				DCEE36C629FBA977001BBCD3 /* Helpers */,
				DCEE361429FAF129001BBCD3 /* NewsLoaderTests.swift */,
			);
			path = NewsLoaderTests;
			sourceTree = "<group>";
		};
		DCEE362D29FAF1D8001BBCD3 /* App */ = {
			isa = PBXGroup;
			children = (
				DCEE367129FAF8B9001BBCD3 /* Domain */,
				DCEE367029FAF8B0001BBCD3 /* Data */,
				DCEE366F29FAF78B001BBCD3 /* Presentation */,
			);
			path = App;
			sourceTree = "<group>";
		};
		DCEE362E29FAF1E8001BBCD3 /* Configuration */ = {
			isa = PBXGroup;
			children = (
				DCEE35FD29FAF128001BBCD3 /* AppDelegate.swift */,
				DCEE360B29FAF129001BBCD3 /* Info.plist */,
			);
			path = Configuration;
			sourceTree = "<group>";
		};
		DCEE362F29FAF1F4001BBCD3 /* Shared */ = {
			isa = PBXGroup;
			children = (
				DC51A4652A1EA03F00866046 /* Views */,
				DC8D744C2A1CC29B005725CF /* ViewModifiers */,
				DCEE363B29FAF40A001BBCD3 /* Extensions */,
				DCEE363A29FAF3FC001BBCD3 /* Helpers */,
				DCEE360829FAF129001BBCD3 /* LaunchScreen.storyboard */,
			);
			path = Shared;
			sourceTree = "<group>";
		};
		DCEE363029FAF205001BBCD3 /* Resources */ = {
			isa = PBXGroup;
			children = (
				DCEE360629FAF129001BBCD3 /* Assets.xcassets */,
				DC51A4682A1EA0F500866046 /* Colors.xcassets */,
			);
			path = Resources;
			sourceTree = "<group>";
		};
		DCEE363129FAF255001BBCD3 /* Home */ = {
			isa = PBXGroup;
			children = (
				DCEE363329FAF266001BBCD3 /* ViewModel */,
				DCEE363229FAF25C001BBCD3 /* View */,
			);
			path = Home;
			sourceTree = "<group>";
		};
		DCEE363229FAF25C001BBCD3 /* View */ = {
			isa = PBXGroup;
			children = (
				DCEE363429FAF27F001BBCD3 /* HomeViewController.swift */,
				DCA249732A1C017F0078417A /* NewsListCell.swift */,
				DCA249752A1C07170078417A /* NewsListView.swift */,
			);
			path = View;
			sourceTree = "<group>";
		};
		DCEE363329FAF266001BBCD3 /* ViewModel */ = {
			isa = PBXGroup;
			children = (
				DCEE364D29FAF568001BBCD3 /* HomeViewModel.swift */,
				DCEE36A529FB2452001BBCD3 /* NewsCellViewModel.swift */,
			);
			path = ViewModel;
			sourceTree = "<group>";
		};
		DCEE363A29FAF3FC001BBCD3 /* Helpers */ = {
			isa = PBXGroup;
			children = (
				DCEE36C229FBA896001BBCD3 /* Utils.swift */,
				DCEE363E29FAF428001BBCD3 /* DataState.swift */,
				DC4B31C72A0264EC00CB924A /* ViewModelType.swift */,
			);
			path = Helpers;
			sourceTree = "<group>";
		};
		DCEE363B29FAF40A001BBCD3 /* Extensions */ = {
			isa = PBXGroup;
			children = (
				DC8D74462A1CA12E005725CF /* View+Extensions.swift */,
				DC8D74482A1CA2D2005725CF /* UINavigationController+Extensions.swift */,
				DC51A46A2A1EA2B400866046 /* Color+Extensions.swift */,
			);
			path = Extensions;
			sourceTree = "<group>";
		};
		DCEE366F29FAF78B001BBCD3 /* Presentation */ = {
			isa = PBXGroup;
			children = (
				DCEE36A729FB2EAF001BBCD3 /* NewsDetails */,
				DCEE363129FAF255001BBCD3 /* Home */,
				DC45D7CB2A180D1D00663972 /* NewsLoaderApp.swift */,
			);
			path = Presentation;
			sourceTree = "<group>";
		};
		DCEE367029FAF8B0001BBCD3 /* Data */ = {
			isa = PBXGroup;
			children = (
				DCEE368829FB0091001BBCD3 /* Repository */,
				DCEE368729FB007F001BBCD3 /* Services */,
			);
			path = Data;
			sourceTree = "<group>";
		};
		DCEE367129FAF8B9001BBCD3 /* Domain */ = {
			isa = PBXGroup;
			children = (
				DCA249702A1BAD9E0078417A /* UseCases */,
				DCEE367229FAFB8B001BBCD3 /* Entities */,
				DCEE368529FB006E001BBCD3 /* Errors */,
			);
			path = Domain;
			sourceTree = "<group>";
		};
		DCEE367229FAFB8B001BBCD3 /* Entities */ = {
			isa = PBXGroup;
			children = (
				DCEE367329FAFBB6001BBCD3 /* NewsContainer.swift */,
				DCEE367529FAFBED001BBCD3 /* News.swift */,
				DCEE367729FAFC3B001BBCD3 /* Media.swift */,
				DCEE367929FAFC84001BBCD3 /* MediaMetadata.swift */,
				DCEE369929FB019F001BBCD3 /* ErrorResponse.swift */,
				DCEE369B29FB01D1001BBCD3 /* NLError.swift */,
			);
			path = Entities;
			sourceTree = "<group>";
		};
		DCEE368529FB006E001BBCD3 /* Errors */ = {
			isa = PBXGroup;
			children = (
				DCEE369629FB00CF001BBCD3 /* NetworkError.swift */,
				DCEE369529FB00CF001BBCD3 /* AppError.swift */,
			);
			path = Errors;
			sourceTree = "<group>";
		};
		DCEE368629FB0076001BBCD3 /* Networking */ = {
			isa = PBXGroup;
			children = (
				DCEE368929FB00B2001BBCD3 /* EndPoint.swift */,
				DCEE368D29FB00B2001BBCD3 /* Enums.swift */,
				DCEE368A29FB00B2001BBCD3 /* NetworkLogger.swift */,
				DCEE368B29FB00B2001BBCD3 /* NetworkManager.swift */,
				DCEE368E29FB00B2001BBCD3 /* NetworkReachability.swift */,
				DCEE368C29FB00B2001BBCD3 /* Parser.swift */,
			);
			path = Networking;
			sourceTree = "<group>";
		};
		DCEE368729FB007F001BBCD3 /* Services */ = {
			isa = PBXGroup;
			children = (
				DCEE369F29FB02BD001BBCD3 /* NewsService.swift */,
			);
			path = Services;
			sourceTree = "<group>";
		};
		DCEE368829FB0091001BBCD3 /* Repository */ = {
			isa = PBXGroup;
			children = (
				DCEE369D29FB02B1001BBCD3 /* NewsRepository.swift */,
			);
			path = Repository;
			sourceTree = "<group>";
		};
		DCEE36A729FB2EAF001BBCD3 /* NewsDetails */ = {
			isa = PBXGroup;
			children = (
				DCEE36A929FB2EC2001BBCD3 /* ViewModel */,
				DCEE36A829FB2EBB001BBCD3 /* View */,
			);
			path = NewsDetails;
			sourceTree = "<group>";
		};
		DCEE36A829FB2EBB001BBCD3 /* View */ = {
			isa = PBXGroup;
			children = (
				DC8D74442A1C9339005725CF /* NewsDetailsView.swift */,
			);
			path = View;
			sourceTree = "<group>";
		};
		DCEE36A929FB2EC2001BBCD3 /* ViewModel */ = {
			isa = PBXGroup;
			children = (
				DCEE36AB29FB2EDE001BBCD3 /* NewsDetailsViewModel.swift */,
				DCEE36BC29FB3E40001BBCD3 /* DetailsCellViewModel.swift */,
			);
			path = ViewModel;
			sourceTree = "<group>";
		};
		DCEE36C629FBA977001BBCD3 /* Helpers */ = {
			isa = PBXGroup;
			children = (
				DCEE36BE29FBA850001BBCD3 /* MockURLProtocol.swift */,
				DCEE36C029FBA860001BBCD3 /* XCTestCase+Extensions.swift */,
				DC97CB8929FC398800D46059 /* MockError.swift */,
			);
			path = Helpers;
			sourceTree = "<group>";
		};
		DCEE36C729FBA990001BBCD3 /* MockResponse */ = {
			isa = PBXGroup;
			children = (
				DCEE36C429FBA91F001BBCD3 /* NewsMock.json */,
			);
			path = MockResponse;
			sourceTree = "<group>";
		};
/* End PBXGroup section */

/* Begin PBXNativeTarget section */
		DCEE35F929FAF128001BBCD3 /* NewsLoader */ = {
			isa = PBXNativeTarget;
			buildConfigurationList = DCEE362429FAF129001BBCD3 /* Build configuration list for PBXNativeTarget "NewsLoader" */;
			buildPhases = (
				DCEE35F629FAF128001BBCD3 /* Sources */,
				DCEE35F729FAF128001BBCD3 /* Frameworks */,
				DCEE35F829FAF128001BBCD3 /* Resources */,
			);
			buildRules = (
			);
			dependencies = (
			);
			name = NewsLoader;
			packageProductDependencies = (
				DCEE365029FAF5CD001BBCD3 /* Kingfisher */,
				DCEE365329FAF5DB001BBCD3 /* Alamofire */,
			);
			productName = NewsLoader;
			productReference = DCEE35FA29FAF128001BBCD3 /* NewsLoader.app */;
			productType = "com.apple.product-type.application";
		};
		DCEE360F29FAF129001BBCD3 /* NewsLoaderTests */ = {
			isa = PBXNativeTarget;
			buildConfigurationList = DCEE362729FAF129001BBCD3 /* Build configuration list for PBXNativeTarget "NewsLoaderTests" */;
			buildPhases = (
				DCEE360C29FAF129001BBCD3 /* Sources */,
				DCEE360D29FAF129001BBCD3 /* Frameworks */,
				DCEE360E29FAF129001BBCD3 /* Resources */,
			);
			buildRules = (
			);
			dependencies = (
				DCEE361229FAF129001BBCD3 /* PBXTargetDependency */,
			);
			name = NewsLoaderTests;
			productName = NewsLoaderTests;
			productReference = DCEE361029FAF129001BBCD3 /* NewsLoaderTests.xctest */;
			productType = "com.apple.product-type.bundle.unit-test";
		};
/* End PBXNativeTarget section */

/* Begin PBXProject section */
		DCEE35F229FAF128001BBCD3 /* Project object */ = {
			isa = PBXProject;
			attributes = {
				BuildIndependentTargetsInParallel = 1;
				LastSwiftUpdateCheck = 1430;
				LastUpgradeCheck = 1430;
				TargetAttributes = {
					DCEE35F929FAF128001BBCD3 = {
						CreatedOnToolsVersion = 14.3;
					};
					DCEE360F29FAF129001BBCD3 = {
						CreatedOnToolsVersion = 14.3;
						TestTargetID = DCEE35F929FAF128001BBCD3;
					};
				};
			};
			buildConfigurationList = DCEE35F529FAF128001BBCD3 /* Build configuration list for PBXProject "NewsLoader" */;
			compatibilityVersion = "Xcode 13.0";
			developmentRegion = en;
			hasScannedForEncodings = 0;
			knownRegions = (
				en,
				Base,
			);
			mainGroup = DCEE35F129FAF128001BBCD3;
			packageReferences = (
				DCEE364F29FAF5CD001BBCD3 /* XCRemoteSwiftPackageReference "Kingfisher" */,
				DCEE365229FAF5DB001BBCD3 /* XCRemoteSwiftPackageReference "Alamofire" */,
			);
			productRefGroup = DCEE35FB29FAF128001BBCD3 /* Products */;
			projectDirPath = "";
			projectRoot = "";
			targets = (
				DCEE35F929FAF128001BBCD3 /* NewsLoader */,
				DCEE360F29FAF129001BBCD3 /* NewsLoaderTests */,
			);
		};
/* End PBXProject section */

/* Begin PBXResourcesBuildPhase section */
		DCEE35F829FAF128001BBCD3 /* Resources */ = {
			isa = PBXResourcesBuildPhase;
			buildActionMask = 2147483647;
			files = (
				DC51A4692A1EA0F500866046 /* Colors.xcassets in Resources */,
				DCEE360A29FAF129001BBCD3 /* LaunchScreen.storyboard in Resources */,
				DCEE360729FAF129001BBCD3 /* Assets.xcassets in Resources */,
			);
			runOnlyForDeploymentPostprocessing = 0;
		};
		DCEE360E29FAF129001BBCD3 /* Resources */ = {
			isa = PBXResourcesBuildPhase;
			buildActionMask = 2147483647;
			files = (
				DCEE36C829FBA9BA001BBCD3 /* NewsMock.json in Resources */,
			);
			runOnlyForDeploymentPostprocessing = 0;
		};
/* End PBXResourcesBuildPhase section */

/* Begin PBXSourcesBuildPhase section */
		DCEE35F629FAF128001BBCD3 /* Sources */ = {
			isa = PBXSourcesBuildPhase;
			buildActionMask = 2147483647;
			files = (
				DC4B31C82A0264EC00CB924A /* ViewModelType.swift in Sources */,
				DCA249762A1C07170078417A /* NewsListView.swift in Sources */,
				DCEE369029FB00B2001BBCD3 /* NetworkLogger.swift in Sources */,
				DCEE36A629FB2452001BBCD3 /* NewsCellViewModel.swift in Sources */,
				DCEE369A29FB019F001BBCD3 /* ErrorResponse.swift in Sources */,
				DCEE369229FB00B2001BBCD3 /* Parser.swift in Sources */,
				DCA249742A1C017F0078417A /* NewsListCell.swift in Sources */,
				DCEE367629FAFBED001BBCD3 /* News.swift in Sources */,
				DCEE364129FAF428001BBCD3 /* DataState.swift in Sources */,
				DCEE369829FB00CF001BBCD3 /* NetworkError.swift in Sources */,
				DCEE369C29FB01D1001BBCD3 /* NLError.swift in Sources */,
				DCEE36C329FBA896001BBCD3 /* Utils.swift in Sources */,
				DCEE367829FAFC3B001BBCD3 /* Media.swift in Sources */,
				DCEE35FE29FAF128001BBCD3 /* AppDelegate.swift in Sources */,
				DC51A46B2A1EA2B400866046 /* Color+Extensions.swift in Sources */,
				DCF6E4CC2A1D380500C834C2 /* RefreshableScrollViewModifier.swift in Sources */,
				DCEE367429FAFBB6001BBCD3 /* NewsContainer.swift in Sources */,
				DCEE36A029FB02BD001BBCD3 /* NewsService.swift in Sources */,
				DCEE364E29FAF568001BBCD3 /* HomeViewModel.swift in Sources */,
				DCEE36AC29FB2EDE001BBCD3 /* NewsDetailsViewModel.swift in Sources */,
				DC51A4672A1EA04F00866046 /* Spinner.swift in Sources */,
				DCF6E4CE2A1D382F00C834C2 /* RefreshableScrollView.swift in Sources */,
				DCEE369329FB00B2001BBCD3 /* Enums.swift in Sources */,
				DC45D7CC2A180D1D00663972 /* NewsLoaderApp.swift in Sources */,
				DCEE369E29FB02B1001BBCD3 /* NewsRepository.swift in Sources */,
				DC8D74492A1CA2D2005725CF /* UINavigationController+Extensions.swift in Sources */,
				DCEE367A29FAFC84001BBCD3 /* MediaMetadata.swift in Sources */,
				DCA249722A1BADD00078417A /* GetNewsUseCase.swift in Sources */,
				DC8D74472A1CA12E005725CF /* View+Extensions.swift in Sources */,
				DCEE369429FB00B2001BBCD3 /* NetworkReachability.swift in Sources */,
				DC8D74452A1C9339005725CF /* NewsDetailsView.swift in Sources */,
				DCEE368F29FB00B2001BBCD3 /* EndPoint.swift in Sources */,
				DCEE369129FB00B2001BBCD3 /* NetworkManager.swift in Sources */,
				DC8D74502A1CC330005725CF /* ViewDidLoadModifier.swift in Sources */,
				DCEE369729FB00CF001BBCD3 /* AppError.swift in Sources */,
				DCEE363629FAF27F001BBCD3 /* HomeViewController.swift in Sources */,
				DCEE36BD29FB3E40001BBCD3 /* DetailsCellViewModel.swift in Sources */,
			);
			runOnlyForDeploymentPostprocessing = 0;
		};
		DCEE360C29FAF129001BBCD3 /* Sources */ = {
			isa = PBXSourcesBuildPhase;
			buildActionMask = 2147483647;
			files = (
				DCEE361529FAF129001BBCD3 /* NewsLoaderTests.swift in Sources */,
				DC97CB8A29FC398800D46059 /* MockError.swift in Sources */,
				DCEE36C129FBA860001BBCD3 /* XCTestCase+Extensions.swift in Sources */,
				DC97CB8829FC38D300D46059 /* MockNewsRepository.swift in Sources */,
				DCEE36BF29FBA850001BBCD3 /* MockURLProtocol.swift in Sources */,
			);
			runOnlyForDeploymentPostprocessing = 0;
		};
/* End PBXSourcesBuildPhase section */

/* Begin PBXTargetDependency section */
		DCEE361229FAF129001BBCD3 /* PBXTargetDependency */ = {
			isa = PBXTargetDependency;
			target = DCEE35F929FAF128001BBCD3 /* NewsLoader */;
			targetProxy = DCEE361129FAF129001BBCD3 /* PBXContainerItemProxy */;
		};
/* End PBXTargetDependency section */

/* Begin PBXVariantGroup section */
		DCEE360829FAF129001BBCD3 /* LaunchScreen.storyboard */ = {
			isa = PBXVariantGroup;
			children = (
				DCEE360929FAF129001BBCD3 /* Base */,
			);
			name = LaunchScreen.storyboard;
			sourceTree = "<group>";
		};
/* End PBXVariantGroup section */

/* Begin XCBuildConfiguration section */
		DCEE362229FAF129001BBCD3 /* Debug */ = {
			isa = XCBuildConfiguration;
			buildSettings = {
				ALWAYS_SEARCH_USER_PATHS = NO;
				CLANG_ANALYZER_NONNULL = YES;
				CLANG_ANALYZER_NUMBER_OBJECT_CONVERSION = YES_AGGRESSIVE;
				CLANG_CXX_LANGUAGE_STANDARD = "gnu++20";
				CLANG_ENABLE_MODULES = YES;
				CLANG_ENABLE_OBJC_ARC = YES;
				CLANG_ENABLE_OBJC_WEAK = YES;
				CLANG_WARN_BLOCK_CAPTURE_AUTORELEASING = YES;
				CLANG_WARN_BOOL_CONVERSION = YES;
				CLANG_WARN_COMMA = YES;
				CLANG_WARN_CONSTANT_CONVERSION = YES;
				CLANG_WARN_DEPRECATED_OBJC_IMPLEMENTATIONS = YES;
				CLANG_WARN_DIRECT_OBJC_ISA_USAGE = YES_ERROR;
				CLANG_WARN_DOCUMENTATION_COMMENTS = YES;
				CLANG_WARN_EMPTY_BODY = YES;
				CLANG_WARN_ENUM_CONVERSION = YES;
				CLANG_WARN_INFINITE_RECURSION = YES;
				CLANG_WARN_INT_CONVERSION = YES;
				CLANG_WARN_NON_LITERAL_NULL_CONVERSION = YES;
				CLANG_WARN_OBJC_IMPLICIT_RETAIN_SELF = YES;
				CLANG_WARN_OBJC_LITERAL_CONVERSION = YES;
				CLANG_WARN_OBJC_ROOT_CLASS = YES_ERROR;
				CLANG_WARN_QUOTED_INCLUDE_IN_FRAMEWORK_HEADER = YES;
				CLANG_WARN_RANGE_LOOP_ANALYSIS = YES;
				CLANG_WARN_STRICT_PROTOTYPES = YES;
				CLANG_WARN_SUSPICIOUS_MOVE = YES;
				CLANG_WARN_UNGUARDED_AVAILABILITY = YES_AGGRESSIVE;
				CLANG_WARN_UNREACHABLE_CODE = YES;
				CLANG_WARN__DUPLICATE_METHOD_MATCH = YES;
				COPY_PHASE_STRIP = NO;
				DEBUG_INFORMATION_FORMAT = dwarf;
				ENABLE_STRICT_OBJC_MSGSEND = YES;
				ENABLE_TESTABILITY = YES;
				GCC_C_LANGUAGE_STANDARD = gnu11;
				GCC_DYNAMIC_NO_PIC = NO;
				GCC_NO_COMMON_BLOCKS = YES;
				GCC_OPTIMIZATION_LEVEL = 0;
				GCC_PREPROCESSOR_DEFINITIONS = (
					"DEBUG=1",
					"$(inherited)",
				);
				GCC_WARN_64_TO_32_BIT_CONVERSION = YES;
				GCC_WARN_ABOUT_RETURN_TYPE = YES_ERROR;
				GCC_WARN_UNDECLARED_SELECTOR = YES;
				GCC_WARN_UNINITIALIZED_AUTOS = YES_AGGRESSIVE;
				GCC_WARN_UNUSED_FUNCTION = YES;
				GCC_WARN_UNUSED_VARIABLE = YES;
				IPHONEOS_DEPLOYMENT_TARGET = 14.0;
				MTL_ENABLE_DEBUG_INFO = INCLUDE_SOURCE;
				MTL_FAST_MATH = YES;
				ONLY_ACTIVE_ARCH = YES;
				SDKROOT = iphoneos;
				SWIFT_ACTIVE_COMPILATION_CONDITIONS = DEBUG;
				SWIFT_OPTIMIZATION_LEVEL = "-Onone";
			};
			name = Debug;
		};
		DCEE362329FAF129001BBCD3 /* Release */ = {
			isa = XCBuildConfiguration;
			buildSettings = {
				ALWAYS_SEARCH_USER_PATHS = NO;
				CLANG_ANALYZER_NONNULL = YES;
				CLANG_ANALYZER_NUMBER_OBJECT_CONVERSION = YES_AGGRESSIVE;
				CLANG_CXX_LANGUAGE_STANDARD = "gnu++20";
				CLANG_ENABLE_MODULES = YES;
				CLANG_ENABLE_OBJC_ARC = YES;
				CLANG_ENABLE_OBJC_WEAK = YES;
				CLANG_WARN_BLOCK_CAPTURE_AUTORELEASING = YES;
				CLANG_WARN_BOOL_CONVERSION = YES;
				CLANG_WARN_COMMA = YES;
				CLANG_WARN_CONSTANT_CONVERSION = YES;
				CLANG_WARN_DEPRECATED_OBJC_IMPLEMENTATIONS = YES;
				CLANG_WARN_DIRECT_OBJC_ISA_USAGE = YES_ERROR;
				CLANG_WARN_DOCUMENTATION_COMMENTS = YES;
				CLANG_WARN_EMPTY_BODY = YES;
				CLANG_WARN_ENUM_CONVERSION = YES;
				CLANG_WARN_INFINITE_RECURSION = YES;
				CLANG_WARN_INT_CONVERSION = YES;
				CLANG_WARN_NON_LITERAL_NULL_CONVERSION = YES;
				CLANG_WARN_OBJC_IMPLICIT_RETAIN_SELF = YES;
				CLANG_WARN_OBJC_LITERAL_CONVERSION = YES;
				CLANG_WARN_OBJC_ROOT_CLASS = YES_ERROR;
				CLANG_WARN_QUOTED_INCLUDE_IN_FRAMEWORK_HEADER = YES;
				CLANG_WARN_RANGE_LOOP_ANALYSIS = YES;
				CLANG_WARN_STRICT_PROTOTYPES = YES;
				CLANG_WARN_SUSPICIOUS_MOVE = YES;
				CLANG_WARN_UNGUARDED_AVAILABILITY = YES_AGGRESSIVE;
				CLANG_WARN_UNREACHABLE_CODE = YES;
				CLANG_WARN__DUPLICATE_METHOD_MATCH = YES;
				COPY_PHASE_STRIP = NO;
				DEBUG_INFORMATION_FORMAT = "dwarf-with-dsym";
				ENABLE_NS_ASSERTIONS = NO;
				ENABLE_STRICT_OBJC_MSGSEND = YES;
				GCC_C_LANGUAGE_STANDARD = gnu11;
				GCC_NO_COMMON_BLOCKS = YES;
				GCC_WARN_64_TO_32_BIT_CONVERSION = YES;
				GCC_WARN_ABOUT_RETURN_TYPE = YES_ERROR;
				GCC_WARN_UNDECLARED_SELECTOR = YES;
				GCC_WARN_UNINITIALIZED_AUTOS = YES_AGGRESSIVE;
				GCC_WARN_UNUSED_FUNCTION = YES;
				GCC_WARN_UNUSED_VARIABLE = YES;
				IPHONEOS_DEPLOYMENT_TARGET = 14.0;
				MTL_ENABLE_DEBUG_INFO = NO;
				MTL_FAST_MATH = YES;
				SDKROOT = iphoneos;
				SWIFT_COMPILATION_MODE = wholemodule;
				SWIFT_OPTIMIZATION_LEVEL = "-O";
				VALIDATE_PRODUCT = YES;
			};
			name = Release;
		};
		DCEE362529FAF129001BBCD3 /* Debug */ = {
			isa = XCBuildConfiguration;
			buildSettings = {
				ASSETCATALOG_COMPILER_APPICON_NAME = AppIcon;
				ASSETCATALOG_COMPILER_GLOBAL_ACCENT_COLOR_NAME = AccentColor;
				CODE_SIGN_STYLE = Automatic;
				CURRENT_PROJECT_VERSION = 1;
				DEVELOPMENT_TEAM = N455B9353D;
				GENERATE_INFOPLIST_FILE = YES;
				INFOPLIST_FILE = NewsLoader/Configuration/Info.plist;
				INFOPLIST_KEY_UIApplicationSupportsIndirectInputEvents = YES;
				INFOPLIST_KEY_UILaunchStoryboardName = LaunchScreen;
				INFOPLIST_KEY_UISupportedInterfaceOrientations = UIInterfaceOrientationPortrait;
				IPHONEOS_DEPLOYMENT_TARGET = 14.0;
				LD_RUNPATH_SEARCH_PATHS = (
					"$(inherited)",
					"@executable_path/Frameworks",
				);
				MARKETING_VERSION = 1.0;
				PRODUCT_BUNDLE_IDENTIFIER = com.binshakerr.NewsLoader;
				PRODUCT_NAME = "$(TARGET_NAME)";
				SUPPORTED_PLATFORMS = "iphoneos iphonesimulator";
				SUPPORTS_MACCATALYST = NO;
				SUPPORTS_MAC_DESIGNED_FOR_IPHONE_IPAD = NO;
				SWIFT_EMIT_LOC_STRINGS = YES;
				SWIFT_VERSION = 5.0;
				TARGETED_DEVICE_FAMILY = 1;
			};
			name = Debug;
		};
		DCEE362629FAF129001BBCD3 /* Release */ = {
			isa = XCBuildConfiguration;
			buildSettings = {
				ASSETCATALOG_COMPILER_APPICON_NAME = AppIcon;
				ASSETCATALOG_COMPILER_GLOBAL_ACCENT_COLOR_NAME = AccentColor;
				CODE_SIGN_STYLE = Automatic;
				CURRENT_PROJECT_VERSION = 1;
				DEVELOPMENT_TEAM = N455B9353D;
				GENERATE_INFOPLIST_FILE = YES;
				INFOPLIST_FILE = NewsLoader/Configuration/Info.plist;
				INFOPLIST_KEY_UIApplicationSupportsIndirectInputEvents = YES;
				INFOPLIST_KEY_UILaunchStoryboardName = LaunchScreen;
				INFOPLIST_KEY_UISupportedInterfaceOrientations = UIInterfaceOrientationPortrait;
				IPHONEOS_DEPLOYMENT_TARGET = 14.0;
				LD_RUNPATH_SEARCH_PATHS = (
					"$(inherited)",
					"@executable_path/Frameworks",
				);
				MARKETING_VERSION = 1.0;
				PRODUCT_BUNDLE_IDENTIFIER = com.binshakerr.NewsLoader;
				PRODUCT_NAME = "$(TARGET_NAME)";
				SUPPORTED_PLATFORMS = "iphoneos iphonesimulator";
				SUPPORTS_MACCATALYST = NO;
				SUPPORTS_MAC_DESIGNED_FOR_IPHONE_IPAD = NO;
				SWIFT_EMIT_LOC_STRINGS = YES;
				SWIFT_VERSION = 5.0;
				TARGETED_DEVICE_FAMILY = 1;
			};
			name = Release;
		};
		DCEE362829FAF129001BBCD3 /* Debug */ = {
			isa = XCBuildConfiguration;
			buildSettings = {
				ALWAYS_EMBED_SWIFT_STANDARD_LIBRARIES = YES;
				BUNDLE_LOADER = "$(TEST_HOST)";
				CODE_SIGN_STYLE = Automatic;
				CURRENT_PROJECT_VERSION = 1;
				DEVELOPMENT_TEAM = N455B9353D;
				GENERATE_INFOPLIST_FILE = YES;
				IPHONEOS_DEPLOYMENT_TARGET = 14.0;
				MARKETING_VERSION = 1.0;
				PRODUCT_BUNDLE_IDENTIFIER = com.binshakerr.NewsLoaderTests;
				PRODUCT_NAME = "$(TARGET_NAME)";
				SUPPORTED_PLATFORMS = "iphoneos iphonesimulator";
				SUPPORTS_MACCATALYST = NO;
				SUPPORTS_MAC_DESIGNED_FOR_IPHONE_IPAD = NO;
				SWIFT_EMIT_LOC_STRINGS = NO;
				SWIFT_VERSION = 5.0;
				TARGETED_DEVICE_FAMILY = 1;
				TEST_HOST = "$(BUILT_PRODUCTS_DIR)/NewsLoader.app/$(BUNDLE_EXECUTABLE_FOLDER_PATH)/NewsLoader";
			};
			name = Debug;
		};
		DCEE362929FAF129001BBCD3 /* Release */ = {
			isa = XCBuildConfiguration;
			buildSettings = {
				ALWAYS_EMBED_SWIFT_STANDARD_LIBRARIES = YES;
				BUNDLE_LOADER = "$(TEST_HOST)";
				CODE_SIGN_STYLE = Automatic;
				CURRENT_PROJECT_VERSION = 1;
				DEVELOPMENT_TEAM = N455B9353D;
				GENERATE_INFOPLIST_FILE = YES;
				IPHONEOS_DEPLOYMENT_TARGET = 14.0;
				MARKETING_VERSION = 1.0;
				PRODUCT_BUNDLE_IDENTIFIER = com.binshakerr.NewsLoaderTests;
				PRODUCT_NAME = "$(TARGET_NAME)";
				SUPPORTED_PLATFORMS = "iphoneos iphonesimulator";
				SUPPORTS_MACCATALYST = NO;
				SUPPORTS_MAC_DESIGNED_FOR_IPHONE_IPAD = NO;
				SWIFT_EMIT_LOC_STRINGS = NO;
				SWIFT_VERSION = 5.0;
				TARGETED_DEVICE_FAMILY = 1;
				TEST_HOST = "$(BUILT_PRODUCTS_DIR)/NewsLoader.app/$(BUNDLE_EXECUTABLE_FOLDER_PATH)/NewsLoader";
			};
			name = Release;
		};
/* End XCBuildConfiguration section */

/* Begin XCConfigurationList section */
		DCEE35F529FAF128001BBCD3 /* Build configuration list for PBXProject "NewsLoader" */ = {
			isa = XCConfigurationList;
			buildConfigurations = (
				DCEE362229FAF129001BBCD3 /* Debug */,
				DCEE362329FAF129001BBCD3 /* Release */,
			);
			defaultConfigurationIsVisible = 0;
			defaultConfigurationName = Release;
		};
		DCEE362429FAF129001BBCD3 /* Build configuration list for PBXNativeTarget "NewsLoader" */ = {
			isa = XCConfigurationList;
			buildConfigurations = (
				DCEE362529FAF129001BBCD3 /* Debug */,
				DCEE362629FAF129001BBCD3 /* Release */,
			);
			defaultConfigurationIsVisible = 0;
			defaultConfigurationName = Release;
		};
		DCEE362729FAF129001BBCD3 /* Build configuration list for PBXNativeTarget "NewsLoaderTests" */ = {
			isa = XCConfigurationList;
			buildConfigurations = (
				DCEE362829FAF129001BBCD3 /* Debug */,
				DCEE362929FAF129001BBCD3 /* Release */,
			);
			defaultConfigurationIsVisible = 0;
			defaultConfigurationName = Release;
		};
/* End XCConfigurationList section */

/* Begin XCRemoteSwiftPackageReference section */
		DCEE364F29FAF5CD001BBCD3 /* XCRemoteSwiftPackageReference "Kingfisher" */ = {
			isa = XCRemoteSwiftPackageReference;
			repositoryURL = "https://github.com/onevcat/Kingfisher.git";
			requirement = {
				kind = upToNextMajorVersion;
				minimumVersion = 7.0.0;
			};
		};
		DCEE365229FAF5DB001BBCD3 /* XCRemoteSwiftPackageReference "Alamofire" */ = {
			isa = XCRemoteSwiftPackageReference;
			repositoryURL = "https://github.com/Alamofire/Alamofire.git";
			requirement = {
				kind = upToNextMajorVersion;
				minimumVersion = 5.0.0;
			};
		};
/* End XCRemoteSwiftPackageReference section */

/* Begin XCSwiftPackageProductDependency section */
		DCEE365029FAF5CD001BBCD3 /* Kingfisher */ = {
			isa = XCSwiftPackageProductDependency;
			package = DCEE364F29FAF5CD001BBCD3 /* XCRemoteSwiftPackageReference "Kingfisher" */;
			productName = Kingfisher;
		};
		DCEE365329FAF5DB001BBCD3 /* Alamofire */ = {
			isa = XCSwiftPackageProductDependency;
			package = DCEE365229FAF5DB001BBCD3 /* XCRemoteSwiftPackageReference "Alamofire" */;
			productName = Alamofire;
		};
/* End XCSwiftPackageProductDependency section */
	};
	rootObject = DCEE35F229FAF128001BBCD3 /* Project object */;
}
